
Microsoft Visual Studio Solution File, Format Version 12.00
# Visual Studio Version 17
VisualStudioVersion = 17.6.33801.468
MinimumVisualStudioVersion = 10.0.40219.1
Project("{9A19103F-16F7-4668-BE54-9A1E7A4F7556}") = "AlgoritmSort", "AlgoritmSort\AlgoritmSort.csproj", "{F745078A-A518-42E0-B3C0-39348ED0F55E}"
EndProject
Project("{FAE04EC0-301F-11D3-BF4B-00C04F79EFBC}") = "AlgoritmSortTests", "AlgoritmSortTests\AlgoritmSortTests.csproj", "{28F9C92C-393E-4CC6-976D-3CBA86C26867}"
EndProject
Global
	GlobalSection(SolutionConfigurationPlatforms) = preSolution
		Debug|Any CPU = Debug|Any CPU
		Release|Any CPU = Release|Any CPU
	EndGlobalSection
	GlobalSection(ProjectConfigurationPlatforms) = postSolution
		{F745078A-A518-42E0-B3C0-39348ED0F55E}.Debug|Any CPU.ActiveCfg = Debug|Any CPU
		{F745078A-A518-42E0-B3C0-39348ED0F55E}.Debug|Any CPU.Build.0 = Debug|Any CPU
		{F745078A-A518-42E0-B3C0-39348ED0F55E}.Release|Any CPU.ActiveCfg = Release|Any CPU
		{F745078A-A518-42E0-B3C0-39348ED0F55E}.Release|Any CPU.Build.0 = Release|Any CPU
		{28F9C92C-393E-4CC6-976D-3CBA86C26867}.Debug|Any CPU.ActiveCfg = Debug|Any CPU
		{28F9C92C-393E-4CC6-976D-3CBA86C26867}.Debug|Any CPU.Build.0 = Debug|Any CPU
		{28F9C92C-393E-4CC6-976D-3CBA86C26867}.Release|Any CPU.ActiveCfg = Release|Any CPU
		{28F9C92C-393E-4CC6-976D-3CBA86C26867}.Release|Any CPU.Build.0 = Release|Any CPU
	EndGlobalSection
	GlobalSection(SolutionProperties) = preSolution
		HideSolutionNode = FALSE
	EndGlobalSection
	GlobalSection(ExtensibilityGlobals) = postSolution
		SolutionGuid = {B327279C-9290-4F04-991C-783E55FD11B6}
	EndGlobalSection
EndGlobal
